{
  "name": "spec",
  "version": "0.1.0-SNAPSHOT",
  "lockfileVersion": 3,
  "requires": true,
  "packages": {
    "": {
      "name": "spec",
      "version": "0.1.0-SNAPSHOT",
      "dependencies": {
        "biwascheme": "^0.7.5"
      }
    },
    "node_modules/biwascheme": {
      "version": "0.7.5",
      "resolved": "https://registry.npmjs.org/biwascheme/-/biwascheme-0.7.5.tgz",
      "integrity": "sha512-43ZoNvQaQ9vbMbu7Ld0+ff9aqq3fk0jztY0p4fy6UIZUaRAuiK9ulkjtIJG7zRBkD/ZclOGUXbG13SA0jYy2NQ==",
      "dependencies": {
        "optparse": "1.0.5"
      },
      "bin": {
        "biwas": "bin/biwas"
      }
    },
    "node_modules/optparse": {
      "version": "1.0.5",
      "resolved": "https://registry.npmjs.org/optparse/-/optparse-1.0.5.tgz",
      "integrity": "sha512-WfnNWLS3vr8omCm8nKYKaRbapuy6pEbx1O0B+eP5sUf/a++sT9/h8PflqBoHsY9N+YdzUT12T8snXigq13QpJg=="
    }
  }
}
